
Microsoft Visual Studio Solution File, Format Version 12.00
# Visual Studio Version 16
VisualStudioVersion = 16.0.30907.101
MinimumVisualStudioVersion = 10.0.40219.1
Project("{FAE04EC0-301F-11D3-BF4B-00C04F79EFBC}") = "HelloWorld", "HelloWorld\HelloWorld.csproj", "{29BB61FF-39D9-45B0-A3F3-70CC3EC10A74}"
EndProject
Global
	GlobalSection(SolutionConfigurationPlatforms) = preSolution
		Debug|Any CPU = Debug|Any CPU
		Release|Any CPU = Release|Any CPU
	EndGlobalSection
	GlobalSection(ProjectConfigurationPlatforms) = postSolution
		{29BB61FF-39D9-45B0-A3F3-70CC3EC10A74}.Debug|Any CPU.ActiveCfg = Debug|Any CPU
		{29BB61FF-39D9-45B0-A3F3-70CC3EC10A74}.Debug|Any CPU.Build.0 = Debug|Any CPU
		{29BB61FF-39D9-45B0-A3F3-70CC3EC10A74}.Release|Any CPU.ActiveCfg = Release|Any CPU
		{29BB61FF-39D9-45B0-A3F3-70CC3EC10A74}.Release|Any CPU.Build.0 = Release|Any CPU
	EndGlobalSection
	GlobalSection(SolutionProperties) = preSolution
		HideSolutionNode = FALSE
	EndGlobalSection
	GlobalSection(ExtensibilityGlobals) = postSolution
		SolutionGuid = {D6F3E9B9-BE56-4E72-860C-BD248BA487B9}
	EndGlobalSection
EndGlobal
